// !$*UTF8*$!
{
	archiveVersion = 1;
	classes = {
	};
	objectVersion = 50;
	objects = {

/* Begin PBXBuildFile section */
		0197D9C8F93A24BE25B8FD7B /* Pods_MVVMdesignPattern.framework in Frameworks */ = {isa = PBXBuildFile; fileRef = 951539FE4EC2FA9458CC5B24 /* Pods_MVVMdesignPattern.framework */; };
		4A11906102470452FE56A892 /* Pods_MVVMdesignPatternTests.framework in Frameworks */ = {isa = PBXBuildFile; fileRef = 84F8D03A85AEC7C3EAAAA0AA /* Pods_MVVMdesignPatternTests.framework */; };
		BF83DF7923FD289A007988B6 /* MoviesViewModel.swift in Sources */ = {isa = PBXBuildFile; fileRef = BF83DF7823FD289A007988B6 /* MoviesViewModel.swift */; };
		BFFBC7FE23FD1D94003AD2EA /* AppDelegate.swift in Sources */ = {isa = PBXBuildFile; fileRef = BFFBC7FD23FD1D94003AD2EA /* AppDelegate.swift */; };
		BFFBC80023FD1D94003AD2EA /* SceneDelegate.swift in Sources */ = {isa = PBXBuildFile; fileRef = BFFBC7FF23FD1D94003AD2EA /* SceneDelegate.swift */; };
		BFFBC80223FD1D94003AD2EA /* ViewController.swift in Sources */ = {isa = PBXBuildFile; fileRef = BFFBC80123FD1D94003AD2EA /* ViewController.swift */; };
		BFFBC80523FD1D94003AD2EA /* Main.storyboard in Resources */ = {isa = PBXBuildFile; fileRef = BFFBC80323FD1D94003AD2EA /* Main.storyboard */; };
		BFFBC80723FD1D97003AD2EA /* Assets.xcassets in Resources */ = {isa = PBXBuildFile; fileRef = BFFBC80623FD1D97003AD2EA /* Assets.xcassets */; };
		BFFBC80A23FD1D97003AD2EA /* LaunchScreen.storyboard in Resources */ = {isa = PBXBuildFile; fileRef = BFFBC80823FD1D97003AD2EA /* LaunchScreen.storyboard */; };
		BFFBC81523FD1D97003AD2EA /* MVVMdesignPatternTests.swift in Sources */ = {isa = PBXBuildFile; fileRef = BFFBC81423FD1D97003AD2EA /* MVVMdesignPatternTests.swift */; };
		BFFBC82023FD1D97003AD2EA /* MVVMdesignPatternUITests.swift in Sources */ = {isa = PBXBuildFile; fileRef = BFFBC81F23FD1D97003AD2EA /* MVVMdesignPatternUITests.swift */; };
		BFFBC83023FD217D003AD2EA /* MovieDataModel.swift in Sources */ = {isa = PBXBuildFile; fileRef = BFFBC82F23FD217D003AD2EA /* MovieDataModel.swift */; };
		BFFBC83223FD21D8003AD2EA /* Service.swift in Sources */ = {isa = PBXBuildFile; fileRef = BFFBC83123FD21D8003AD2EA /* Service.swift */; };
		D52056B8FA470159BDE82967 /* Pods_MVVMdesignPattern_MVVMdesignPatternUITests.framework in Frameworks */ = {isa = PBXBuildFile; fileRef = 1089D4558DC57CF9894A5DB6 /* Pods_MVVMdesignPattern_MVVMdesignPatternUITests.framework */; };
/* End PBXBuildFile section */

/* Begin PBXContainerItemProxy section */
		BFFBC81123FD1D97003AD2EA /* PBXContainerItemProxy */ = {
			isa = PBXContainerItemProxy;
			containerPortal = BFFBC7F223FD1D94003AD2EA /* Project object */;
			proxyType = 1;
			remoteGlobalIDString = BFFBC7F923FD1D94003AD2EA;
			remoteInfo = MVVMdesignPattern;
		};
		BFFBC81C23FD1D97003AD2EA /* PBXContainerItemProxy */ = {
			isa = PBXContainerItemProxy;
			containerPortal = BFFBC7F223FD1D94003AD2EA /* Project object */;
			proxyType = 1;
			remoteGlobalIDString = BFFBC7F923FD1D94003AD2EA;
			remoteInfo = MVVMdesignPattern;
		};
/* End PBXContainerItemProxy section */

/* Begin PBXFileReference section */
		1089D4558DC57CF9894A5DB6 /* Pods_MVVMdesignPattern_MVVMdesignPatternUITests.framework */ = {isa = PBXFileReference; explicitFileType = wrapper.framework; includeInIndex = 0; path = Pods_MVVMdesignPattern_MVVMdesignPatternUITests.framework; sourceTree = BUILT_PRODUCTS_DIR; };
		4E0C6D47D392903C7B72B49E /* Pods-MVVMdesignPattern-MVVMdesignPatternUITests.release.xcconfig */ = {isa = PBXFileReference; includeInIndex = 1; lastKnownFileType = text.xcconfig; name = "Pods-MVVMdesignPattern-MVVMdesignPatternUITests.release.xcconfig"; path = "Target Support Files/Pods-MVVMdesignPattern-MVVMdesignPatternUITests/Pods-MVVMdesignPattern-MVVMdesignPatternUITests.release.xcconfig"; sourceTree = "<group>"; };
		52CB1F8F5C8E8DF4AF67F15E /* Pods-MVVMdesignPattern-MVVMdesignPatternUITests.debug.xcconfig */ = {isa = PBXFileReference; includeInIndex = 1; lastKnownFileType = text.xcconfig; name = "Pods-MVVMdesignPattern-MVVMdesignPatternUITests.debug.xcconfig"; path = "Target Support Files/Pods-MVVMdesignPattern-MVVMdesignPatternUITests/Pods-MVVMdesignPattern-MVVMdesignPatternUITests.debug.xcconfig"; sourceTree = "<group>"; };
		84F8D03A85AEC7C3EAAAA0AA /* Pods_MVVMdesignPatternTests.framework */ = {isa = PBXFileReference; explicitFileType = wrapper.framework; includeInIndex = 0; path = Pods_MVVMdesignPatternTests.framework; sourceTree = BUILT_PRODUCTS_DIR; };
		89CC09CC5CF8ABF3FDBF7374 /* Pods-MVVMdesignPattern.debug.xcconfig */ = {isa = PBXFileReference; includeInIndex = 1; lastKnownFileType = text.xcconfig; name = "Pods-MVVMdesignPattern.debug.xcconfig"; path = "Target Support Files/Pods-MVVMdesignPattern/Pods-MVVMdesignPattern.debug.xcconfig"; sourceTree = "<group>"; };
		951539FE4EC2FA9458CC5B24 /* Pods_MVVMdesignPattern.framework */ = {isa = PBXFileReference; explicitFileType = wrapper.framework; includeInIndex = 0; path = Pods_MVVMdesignPattern.framework; sourceTree = BUILT_PRODUCTS_DIR; };
		986117B3A0314D8C352AD98B /* Pods-MVVMdesignPatternTests.release.xcconfig */ = {isa = PBXFileReference; includeInIndex = 1; lastKnownFileType = text.xcconfig; name = "Pods-MVVMdesignPatternTests.release.xcconfig"; path = "Target Support Files/Pods-MVVMdesignPatternTests/Pods-MVVMdesignPatternTests.release.xcconfig"; sourceTree = "<group>"; };
		B85DC1A8A4EC3202D646E5C7 /* Pods-MVVMdesignPattern.release.xcconfig */ = {isa = PBXFileReference; includeInIndex = 1; lastKnownFileType = text.xcconfig; name = "Pods-MVVMdesignPattern.release.xcconfig"; path = "Target Support Files/Pods-MVVMdesignPattern/Pods-MVVMdesignPattern.release.xcconfig"; sourceTree = "<group>"; };
		BF83DF7823FD289A007988B6 /* MoviesViewModel.swift */ = {isa = PBXFileReference; lastKnownFileType = sourcecode.swift; path = MoviesViewModel.swift; sourceTree = "<group>"; };
		BF83DF7F23FD7108007988B6 /* MVVM - Bridging - Header.h */ = {isa = PBXFileReference; lastKnownFileType = sourcecode.c.h; path = "MVVM - Bridging - Header.h"; sourceTree = "<group>"; };
		BFFBC7FA23FD1D94003AD2EA /* MVVMdesignPattern.app */ = {isa = PBXFileReference; explicitFileType = wrapper.application; includeInIndex = 0; path = MVVMdesignPattern.app; sourceTree = BUILT_PRODUCTS_DIR; };
		BFFBC7FD23FD1D94003AD2EA /* AppDelegate.swift */ = {isa = PBXFileReference; lastKnownFileType = sourcecode.swift; path = AppDelegate.swift; sourceTree = "<group>"; };
		BFFBC7FF23FD1D94003AD2EA /* SceneDelegate.swift */ = {isa = PBXFileReference; lastKnownFileType = sourcecode.swift; path = SceneDelegate.swift; sourceTree = "<group>"; };
		BFFBC80123FD1D94003AD2EA /* ViewController.swift */ = {isa = PBXFileReference; lastKnownFileType = sourcecode.swift; path = ViewController.swift; sourceTree = "<group>"; };
		BFFBC80423FD1D94003AD2EA /* Base */ = {isa = PBXFileReference; lastKnownFileType = file.storyboard; name = Base; path = Base.lproj/Main.storyboard; sourceTree = "<group>"; };
		BFFBC80623FD1D97003AD2EA /* Assets.xcassets */ = {isa = PBXFileReference; lastKnownFileType = folder.assetcatalog; path = Assets.xcassets; sourceTree = "<group>"; };
		BFFBC80923FD1D97003AD2EA /* Base */ = {isa = PBXFileReference; lastKnownFileType = file.storyboard; name = Base; path = Base.lproj/LaunchScreen.storyboard; sourceTree = "<group>"; };
		BFFBC80B23FD1D97003AD2EA /* Info.plist */ = {isa = PBXFileReference; lastKnownFileType = text.plist.xml; path = Info.plist; sourceTree = "<group>"; };
		BFFBC81023FD1D97003AD2EA /* MVVMdesignPatternTests.xctest */ = {isa = PBXFileReference; explicitFileType = wrapper.cfbundle; includeInIndex = 0; path = MVVMdesignPatternTests.xctest; sourceTree = BUILT_PRODUCTS_DIR; };
		BFFBC81423FD1D97003AD2EA /* MVVMdesignPatternTests.swift */ = {isa = PBXFileReference; lastKnownFileType = sourcecode.swift; path = MVVMdesignPatternTests.swift; sourceTree = "<group>"; };
		BFFBC81623FD1D97003AD2EA /* Info.plist */ = {isa = PBXFileReference; lastKnownFileType = text.plist.xml; path = Info.plist; sourceTree = "<group>"; };
		BFFBC81B23FD1D97003AD2EA /* MVVMdesignPatternUITests.xctest */ = {isa = PBXFileReference; explicitFileType = wrapper.cfbundle; includeInIndex = 0; path = MVVMdesignPatternUITests.xctest; sourceTree = BUILT_PRODUCTS_DIR; };
		BFFBC81F23FD1D97003AD2EA /* MVVMdesignPatternUITests.swift */ = {isa = PBXFileReference; lastKnownFileType = sourcecode.swift; path = MVVMdesignPatternUITests.swift; sourceTree = "<group>"; };
		BFFBC82123FD1D97003AD2EA /* Info.plist */ = {isa = PBXFileReference; lastKnownFileType = text.plist.xml; path = Info.plist; sourceTree = "<group>"; };
		BFFBC82F23FD217D003AD2EA /* MovieDataModel.swift */ = {isa = PBXFileReference; lastKnownFileType = sourcecode.swift; path = MovieDataModel.swift; sourceTree = "<group>"; };
		BFFBC83123FD21D8003AD2EA /* Service.swift */ = {isa = PBXFileReference; lastKnownFileType = sourcecode.swift; path = Service.swift; sourceTree = "<group>"; };
		CED0055A4F30C57A4AB3ADBA /* Pods-MVVMdesignPatternTests.debug.xcconfig */ = {isa = PBXFileReference; includeInIndex = 1; lastKnownFileType = text.xcconfig; name = "Pods-MVVMdesignPatternTests.debug.xcconfig"; path = "Target Support Files/Pods-MVVMdesignPatternTests/Pods-MVVMdesignPatternTests.debug.xcconfig"; sourceTree = "<group>"; };
/* End PBXFileReference section */

/* Begin PBXFrameworksBuildPhase section */
		BFFBC7F723FD1D94003AD2EA /* Frameworks */ = {
			isa = PBXFrameworksBuildPhase;
			buildActionMask = 2147483647;
			files = (
				0197D9C8F93A24BE25B8FD7B /* Pods_MVVMdesignPattern.framework in Frameworks */,
			);
			runOnlyForDeploymentPostprocessing = 0;
		};
		BFFBC80D23FD1D97003AD2EA /* Frameworks */ = {
			isa = PBXFrameworksBuildPhase;
			buildActionMask = 2147483647;
			files = (
				4A11906102470452FE56A892 /* Pods_MVVMdesignPatternTests.framework in Frameworks */,
			);
			runOnlyForDeploymentPostprocessing = 0;
		};
		BFFBC81823FD1D97003AD2EA /* Frameworks */ = {
			isa = PBXFrameworksBuildPhase;
			buildActionMask = 2147483647;
			files = (
				D52056B8FA470159BDE82967 /* Pods_MVVMdesignPattern_MVVMdesignPatternUITests.framework in Frameworks */,
			);
			runOnlyForDeploymentPostprocessing = 0;
		};
/* End PBXFrameworksBuildPhase section */

/* Begin PBXGroup section */
		06B757F0C01890D7E533DCA9 /* Frameworks */ = {
			isa = PBXGroup;
			children = (
				951539FE4EC2FA9458CC5B24 /* Pods_MVVMdesignPattern.framework */,
				1089D4558DC57CF9894A5DB6 /* Pods_MVVMdesignPattern_MVVMdesignPatternUITests.framework */,
				84F8D03A85AEC7C3EAAAA0AA /* Pods_MVVMdesignPatternTests.framework */,
			);
			name = Frameworks;
			sourceTree = "<group>";
		};
		756E683D4BB027BFD6627EC1 /* Pods */ = {
			isa = PBXGroup;
			children = (
				89CC09CC5CF8ABF3FDBF7374 /* Pods-MVVMdesignPattern.debug.xcconfig */,
				B85DC1A8A4EC3202D646E5C7 /* Pods-MVVMdesignPattern.release.xcconfig */,
				52CB1F8F5C8E8DF4AF67F15E /* Pods-MVVMdesignPattern-MVVMdesignPatternUITests.debug.xcconfig */,
				4E0C6D47D392903C7B72B49E /* Pods-MVVMdesignPattern-MVVMdesignPatternUITests.release.xcconfig */,
				CED0055A4F30C57A4AB3ADBA /* Pods-MVVMdesignPatternTests.debug.xcconfig */,
				986117B3A0314D8C352AD98B /* Pods-MVVMdesignPatternTests.release.xcconfig */,
			);
			name = Pods;
			path = Pods;
			sourceTree = "<group>";
		};
		BF83DF7723FD285B007988B6 /* DataModel */ = {
			isa = PBXGroup;
			children = (
				BFFBC82F23FD217D003AD2EA /* MovieDataModel.swift */,
			);
			path = DataModel;
			sourceTree = "<group>";
		};
		BF83DF7A23FD28AF007988B6 /* ViewModel */ = {
			isa = PBXGroup;
			children = (
				BF83DF7823FD289A007988B6 /* MoviesViewModel.swift */,
			);
			path = ViewModel;
			sourceTree = "<group>";
		};
		BFFBC7F123FD1D94003AD2EA = {
			isa = PBXGroup;
			children = (
				BFFBC7FC23FD1D94003AD2EA /* MVVMdesignPattern */,
				BFFBC81323FD1D97003AD2EA /* MVVMdesignPatternTests */,
				BFFBC81E23FD1D97003AD2EA /* MVVMdesignPatternUITests */,
				BFFBC7FB23FD1D94003AD2EA /* Products */,
				756E683D4BB027BFD6627EC1 /* Pods */,
				06B757F0C01890D7E533DCA9 /* Frameworks */,
			);
			sourceTree = "<group>";
		};
		BFFBC7FB23FD1D94003AD2EA /* Products */ = {
			isa = PBXGroup;
			children = (
				BFFBC7FA23FD1D94003AD2EA /* MVVMdesignPattern.app */,
				BFFBC81023FD1D97003AD2EA /* MVVMdesignPatternTests.xctest */,
				BFFBC81B23FD1D97003AD2EA /* MVVMdesignPatternUITests.xctest */,
			);
			name = Products;
			sourceTree = "<group>";
		};
		BFFBC7FC23FD1D94003AD2EA /* MVVMdesignPattern */ = {
			isa = PBXGroup;
			children = (
				BFFBC7FD23FD1D94003AD2EA /* AppDelegate.swift */,
				BFFBC7FF23FD1D94003AD2EA /* SceneDelegate.swift */,
				BFFBC83123FD21D8003AD2EA /* Service.swift */,
				BF83DF7F23FD7108007988B6 /* MVVM - Bridging - Header.h */,
				BF83DF7A23FD28AF007988B6 /* ViewModel */,
				BF83DF7723FD285B007988B6 /* DataModel */,
				BFFBC82D23FD20B8003AD2EA /* Controller */,
				BFFBC82E23FD20DA003AD2EA /* Storyboard */,
				BFFBC80623FD1D97003AD2EA /* Assets.xcassets */,
				BFFBC80B23FD1D97003AD2EA /* Info.plist */,
			);
			path = MVVMdesignPattern;
			sourceTree = "<group>";
		};
		BFFBC81323FD1D97003AD2EA /* MVVMdesignPatternTests */ = {
			isa = PBXGroup;
			children = (
				BFFBC81423FD1D97003AD2EA /* MVVMdesignPatternTests.swift */,
				BFFBC81623FD1D97003AD2EA /* Info.plist */,
			);
			path = MVVMdesignPatternTests;
			sourceTree = "<group>";
		};
		BFFBC81E23FD1D97003AD2EA /* MVVMdesignPatternUITests */ = {
			isa = PBXGroup;
			children = (
				BFFBC81F23FD1D97003AD2EA /* MVVMdesignPatternUITests.swift */,
				BFFBC82123FD1D97003AD2EA /* Info.plist */,
			);
			path = MVVMdesignPatternUITests;
			sourceTree = "<group>";
		};
		BFFBC82D23FD20B8003AD2EA /* Controller */ = {
			isa = PBXGroup;
			children = (
				BFFBC80123FD1D94003AD2EA /* ViewController.swift */,
			);
			path = Controller;
			sourceTree = "<group>";
		};
		BFFBC82E23FD20DA003AD2EA /* Storyboard */ = {
			isa = PBXGroup;
			children = (
				BFFBC80323FD1D94003AD2EA /* Main.storyboard */,
				BFFBC80823FD1D97003AD2EA /* LaunchScreen.storyboard */,
			);
			path = Storyboard;
			sourceTree = "<group>";
		};
/* End PBXGroup section */

/* Begin PBXNativeTarget section */
		BFFBC7F923FD1D94003AD2EA /* MVVMdesignPattern */ = {
			isa = PBXNativeTarget;
			buildConfigurationList = BFFBC82423FD1D97003AD2EA /* Build configuration list for PBXNativeTarget "MVVMdesignPattern" */;
			buildPhases = (
				0034BEFDF951F7738CDFBCC2 /* [CP] Check Pods Manifest.lock */,
				BFFBC7F623FD1D94003AD2EA /* Sources */,
				BFFBC7F723FD1D94003AD2EA /* Frameworks */,
				BFFBC7F823FD1D94003AD2EA /* Resources */,
				7C6E66F6BD8D8858265D0986 /* [CP] Embed Pods Frameworks */,
			);
			buildRules = (
			);
			dependencies = (
			);
			name = MVVMdesignPattern;
			productName = MVVMdesignPattern;
			productReference = BFFBC7FA23FD1D94003AD2EA /* MVVMdesignPattern.app */;
			productType = "com.apple.product-type.application";
		};
		BFFBC80F23FD1D97003AD2EA /* MVVMdesignPatternTests */ = {
			isa = PBXNativeTarget;
			buildConfigurationList = BFFBC82723FD1D97003AD2EA /* Build configuration list for PBXNativeTarget "MVVMdesignPatternTests" */;
			buildPhases = (
				2B3F7CDB7FD3460237B47ED4 /* [CP] Check Pods Manifest.lock */,
				BFFBC80C23FD1D97003AD2EA /* Sources */,
				BFFBC80D23FD1D97003AD2EA /* Frameworks */,
				BFFBC80E23FD1D97003AD2EA /* Resources */,
			);
			buildRules = (
			);
			dependencies = (
				BFFBC81223FD1D97003AD2EA /* PBXTargetDependency */,
			);
			name = MVVMdesignPatternTests;
			productName = MVVMdesignPatternTests;
			productReference = BFFBC81023FD1D97003AD2EA /* MVVMdesignPatternTests.xctest */;
			productType = "com.apple.product-type.bundle.unit-test";
		};
		BFFBC81A23FD1D97003AD2EA /* MVVMdesignPatternUITests */ = {
			isa = PBXNativeTarget;
			buildConfigurationList = BFFBC82A23FD1D97003AD2EA /* Build configuration list for PBXNativeTarget "MVVMdesignPatternUITests" */;
			buildPhases = (
				6DE9EC7954A5644379797942 /* [CP] Check Pods Manifest.lock */,
				BFFBC81723FD1D97003AD2EA /* Sources */,
				BFFBC81823FD1D97003AD2EA /* Frameworks */,
				BFFBC81923FD1D97003AD2EA /* Resources */,
				57904D3E99F91AFA0AAFF29D /* [CP] Embed Pods Frameworks */,
			);
			buildRules = (
			);
			dependencies = (
				BFFBC81D23FD1D97003AD2EA /* PBXTargetDependency */,
			);
			name = MVVMdesignPatternUITests;
			productName = MVVMdesignPatternUITests;
			productReference = BFFBC81B23FD1D97003AD2EA /* MVVMdesignPatternUITests.xctest */;
			productType = "com.apple.product-type.bundle.ui-testing";
		};
/* End PBXNativeTarget section */

/* Begin PBXProject section */
		BFFBC7F223FD1D94003AD2EA /* Project object */ = {
			isa = PBXProject;
			attributes = {
				LastSwiftUpdateCheck = 1130;
				LastUpgradeCheck = 1130;
				ORGANIZATIONNAME = "Kshitij Negi";
				TargetAttributes = {
					BFFBC7F923FD1D94003AD2EA = {
						CreatedOnToolsVersion = 11.3.1;
					};
					BFFBC80F23FD1D97003AD2EA = {
						CreatedOnToolsVersion = 11.3.1;
						TestTargetID = BFFBC7F923FD1D94003AD2EA;
					};
					BFFBC81A23FD1D97003AD2EA = {
						CreatedOnToolsVersion = 11.3.1;
						TestTargetID = BFFBC7F923FD1D94003AD2EA;
					};
				};
			};
			buildConfigurationList = BFFBC7F523FD1D94003AD2EA /* Build configuration list for PBXProject "MVVMdesignPattern" */;
			compatibilityVersion = "Xcode 9.3";
			developmentRegion = en;
			hasScannedForEncodings = 0;
			knownRegions = (
				en,
				Base,
			);
			mainGroup = BFFBC7F123FD1D94003AD2EA;
			productRefGroup = BFFBC7FB23FD1D94003AD2EA /* Products */;
			projectDirPath = "";
			projectRoot = "";
			targets = (
				BFFBC7F923FD1D94003AD2EA /* MVVMdesignPattern */,
				BFFBC80F23FD1D97003AD2EA /* MVVMdesignPatternTests */,
				BFFBC81A23FD1D97003AD2EA /* MVVMdesignPatternUITests */,
			);
		};
/* End PBXProject section */

/* Begin PBXResourcesBuildPhase section */
		BFFBC7F823FD1D94003AD2EA /* Resources */ = {
			isa = PBXResourcesBuildPhase;
			buildActionMask = 2147483647;
			files = (
				BFFBC80A23FD1D97003AD2EA /* LaunchScreen.storyboard in Resources */,
				BFFBC80723FD1D97003AD2EA /* Assets.xcassets in Resources */,
				BFFBC80523FD1D94003AD2EA /* Main.storyboard in Resources */,
			);
			runOnlyForDeploymentPostprocessing = 0;
		};
		BFFBC80E23FD1D97003AD2EA /* Resources */ = {
			isa = PBXResourcesBuildPhase;
			buildActionMask = 2147483647;
			files = (
			);
			runOnlyForDeploymentPostprocessing = 0;
		};
		BFFBC81923FD1D97003AD2EA /* Resources */ = {
			isa = PBXResourcesBuildPhase;
			buildActionMask = 2147483647;
			files = (
			);
			runOnlyForDeploymentPostprocessing = 0;
		};
/* End PBXResourcesBuildPhase section */

/* Begin PBXShellScriptBuildPhase section */
		0034BEFDF951F7738CDFBCC2 /* [CP] Check Pods Manifest.lock */ = {
			isa = PBXShellScriptBuildPhase;
			buildActionMask = 2147483647;
			files = (
			);
			inputFileListPaths = (
			);
			inputPaths = (
				"${PODS_PODFILE_DIR_PATH}/Podfile.lock",
				"${PODS_ROOT}/Manifest.lock",
			);
			name = "[CP] Check Pods Manifest.lock";
			outputFileListPaths = (
			);
			outputPaths = (
				"$(DERIVED_FILE_DIR)/Pods-MVVMdesignPattern-checkManifestLockResult.txt",
			);
			runOnlyForDeploymentPostprocessing = 0;
			shellPath = /bin/sh;
			shellScript = "diff \"${PODS_PODFILE_DIR_PATH}/Podfile.lock\" \"${PODS_ROOT}/Manifest.lock\" > /dev/null\nif [ $? != 0 ] ; then\n    # print error to STDERR\n    echo \"error: The sandbox is not in sync with the Podfile.lock. Run 'pod install' or update your CocoaPods installation.\" >&2\n    exit 1\nfi\n# This output is used by Xcode 'outputs' to avoid re-running this script phase.\necho \"SUCCESS\" > \"${SCRIPT_OUTPUT_FILE_0}\"\n";
			showEnvVarsInLog = 0;
		};
		2B3F7CDB7FD3460237B47ED4 /* [CP] Check Pods Manifest.lock */ = {
			isa = PBXShellScriptBuildPhase;
			buildActionMask = 2147483647;
			files = (
			);
			inputFileListPaths = (
			);
			inputPaths = (
				"${PODS_PODFILE_DIR_PATH}/Podfile.lock",
				"${PODS_ROOT}/Manifest.lock",
			);
			name = "[CP] Check Pods Manifest.lock";
			outputFileListPaths = (
			);
			outputPaths = (
				"$(DERIVED_FILE_DIR)/Pods-MVVMdesignPatternTests-checkManifestLockResult.txt",
			);
			runOnlyForDeploymentPostprocessing = 0;
			shellPath = /bin/sh;
			shellScript = "diff \"${PODS_PODFILE_DIR_PATH}/Podfile.lock\" \"${PODS_ROOT}/Manifest.lock\" > /dev/null\nif [ $? != 0 ] ; then\n    # print error to STDERR\n    echo \"error: The sandbox is not in sync with the Podfile.lock. Run 'pod install' or update your CocoaPods installation.\" >&2\n    exit 1\nfi\n# This output is used by Xcode 'outputs' to avoid re-running this script phase.\necho \"SUCCESS\" > \"${SCRIPT_OUTPUT_FILE_0}\"\n";
			showEnvVarsInLog = 0;
		};
		57904D3E99F91AFA0AAFF29D /* [CP] Embed Pods Frameworks */ = {
			isa = PBXShellScriptBuildPhase;
			buildActionMask = 2147483647;
			files = (
			);
			inputFileListPaths = (
				"${PODS_ROOT}/Target Support Files/Pods-MVVMdesignPattern-MVVMdesignPatternUITests/Pods-MVVMdesignPattern-MVVMdesignPatternUITests-frameworks-${CONFIGURATION}-input-files.xcfilelist",
			);
			name = "[CP] Embed Pods Frameworks";
			outputFileListPaths = (
				"${PODS_ROOT}/Target Support Files/Pods-MVVMdesignPattern-MVVMdesignPatternUITests/Pods-MVVMdesignPattern-MVVMdesignPatternUITests-frameworks-${CONFIGURATION}-output-files.xcfilelist",
			);
			runOnlyForDeploymentPostprocessing = 0;
			shellPath = /bin/sh;
			shellScript = "\"${PODS_ROOT}/Target Support Files/Pods-MVVMdesignPattern-MVVMdesignPatternUITests/Pods-MVVMdesignPattern-MVVMdesignPatternUITests-frameworks.sh\"\n";
			showEnvVarsInLog = 0;
		};
		6DE9EC7954A5644379797942 /* [CP] Check Pods Manifest.lock */ = {
			isa = PBXShellScriptBuildPhase;
			buildActionMask = 2147483647;
			files = (
			);
			inputFileListPaths = (
			);
			inputPaths = (
				"${PODS_PODFILE_DIR_PATH}/Podfile.lock",
				"${PODS_ROOT}/Manifest.lock",
			);
			name = "[CP] Check Pods Manifest.lock";
			outputFileListPaths = (
			);
			outputPaths = (
				"$(DERIVED_FILE_DIR)/Pods-MVVMdesignPattern-MVVMdesignPatternUITests-checkManifestLockResult.txt",
			);
			runOnlyForDeploymentPostprocessing = 0;
			shellPath = /bin/sh;
			shellScript = "diff \"${PODS_PODFILE_DIR_PATH}/Podfile.lock\" \"${PODS_ROOT}/Manifest.lock\" > /dev/null\nif [ $? != 0 ] ; then\n    # print error to STDERR\n    echo \"error: The sandbox is not in sync with the Podfile.lock. Run 'pod install' or update your CocoaPods installation.\" >&2\n    exit 1\nfi\n# This output is used by Xcode 'outputs' to avoid re-running this script phase.\necho \"SUCCESS\" > \"${SCRIPT_OUTPUT_FILE_0}\"\n";
			showEnvVarsInLog = 0;
		};
		7C6E66F6BD8D8858265D0986 /* [CP] Embed Pods Frameworks */ = {
			isa = PBXShellScriptBuildPhase;
			buildActionMask = 2147483647;
			files = (
			);
			inputFileListPaths = (
				"${PODS_ROOT}/Target Support Files/Pods-MVVMdesignPattern/Pods-MVVMdesignPattern-frameworks-${CONFIGURATION}-input-files.xcfilelist",
			);
			name = "[CP] Embed Pods Frameworks";
			outputFileListPaths = (
				"${PODS_ROOT}/Target Support Files/Pods-MVVMdesignPattern/Pods-MVVMdesignPattern-frameworks-${CONFIGURATION}-output-files.xcfilelist",
			);
			runOnlyForDeploymentPostprocessing = 0;
			shellPath = /bin/sh;
			shellScript = "\"${PODS_ROOT}/Target Support Files/Pods-MVVMdesignPattern/Pods-MVVMdesignPattern-frameworks.sh\"\n";
			showEnvVarsInLog = 0;
		};
/* End PBXShellScriptBuildPhase section */

/* Begin PBXSourcesBuildPhase section */
		BFFBC7F623FD1D94003AD2EA /* Sources */ = {
			isa = PBXSourcesBuildPhase;
			buildActionMask = 2147483647;
			files = (
				BFFBC80223FD1D94003AD2EA /* ViewController.swift in Sources */,
				BF83DF7923FD289A007988B6 /* MoviesViewModel.swift in Sources */,
				BFFBC7FE23FD1D94003AD2EA /* AppDelegate.swift in Sources */,
				BFFBC83223FD21D8003AD2EA /* Service.swift in Sources */,
				BFFBC83023FD217D003AD2EA /* MovieDataModel.swift in Sources */,
				BFFBC80023FD1D94003AD2EA /* SceneDelegate.swift in Sources */,
			);
			runOnlyForDeploymentPostprocessing = 0;
		};
		BFFBC80C23FD1D97003AD2EA /* Sources */ = {
			isa = PBXSourcesBuildPhase;
			buildActionMask = 2147483647;
			files = (
				BFFBC81523FD1D97003AD2EA /* MVVMdesignPatternTests.swift in Sources */,
			);
			runOnlyForDeploymentPostprocessing = 0;
		};
		BFFBC81723FD1D97003AD2EA /* Sources */ = {
			isa = PBXSourcesBuildPhase;
			buildActionMask = 2147483647;
			files = (
				BFFBC82023FD1D97003AD2EA /* MVVMdesignPatternUITests.swift in Sources */,
			);
			runOnlyForDeploymentPostprocessing = 0;
		};
/* End PBXSourcesBuildPhase section */

/* Begin PBXTargetDependency section */
		BFFBC81223FD1D97003AD2EA /* PBXTargetDependency */ = {
			isa = PBXTargetDependency;
			target = BFFBC7F923FD1D94003AD2EA /* MVVMdesignPattern */;
			targetProxy = BFFBC81123FD1D97003AD2EA /* PBXContainerItemProxy */;
		};
		BFFBC81D23FD1D97003AD2EA /* PBXTargetDependency */ = {
			isa = PBXTargetDependency;
			target = BFFBC7F923FD1D94003AD2EA /* MVVMdesignPattern */;
			targetProxy = BFFBC81C23FD1D97003AD2EA /* PBXContainerItemProxy */;
		};
/* End PBXTargetDependency section */

/* Begin PBXVariantGroup section */
		BFFBC80323FD1D94003AD2EA /* Main.storyboard */ = {
			isa = PBXVariantGroup;
			children = (
				BFFBC80423FD1D94003AD2EA /* Base */,
			);
			name = Main.storyboard;
			sourceTree = "<group>";
		};
		BFFBC80823FD1D97003AD2EA /* LaunchScreen.storyboard */ = {
			isa = PBXVariantGroup;
			children = (
				BFFBC80923FD1D97003AD2EA /* Base */,
			);
			name = LaunchScreen.storyboard;
			sourceTree = "<group>";
		};
/* End PBXVariantGroup section */

/* Begin XCBuildConfiguration section */
		BFFBC82223FD1D97003AD2EA /* Debug */ = {
			isa = XCBuildConfiguration;
			buildSettings = {
				ALWAYS_SEARCH_USER_PATHS = NO;
				CLANG_ANALYZER_NONNULL = YES;
				CLANG_ANALYZER_NUMBER_OBJECT_CONVERSION = YES_AGGRESSIVE;
				CLANG_CXX_LANGUAGE_STANDARD = "gnu++14";
				CLANG_CXX_LIBRARY = "libc++";
				CLANG_ENABLE_MODULES = YES;
				CLANG_ENABLE_OBJC_ARC = YES;
				CLANG_ENABLE_OBJC_WEAK = YES;
				CLANG_WARN_BLOCK_CAPTURE_AUTORELEASING = YES;
				CLANG_WARN_BOOL_CONVERSION = YES;
				CLANG_WARN_COMMA = YES;
				CLANG_WARN_CONSTANT_CONVERSION = YES;
				CLANG_WARN_DEPRECATED_OBJC_IMPLEMENTATIONS = YES;
				CLANG_WARN_DIRECT_OBJC_ISA_USAGE = YES_ERROR;
				CLANG_WARN_DOCUMENTATION_COMMENTS = YES;
				CLANG_WARN_EMPTY_BODY = YES;
				CLANG_WARN_ENUM_CONVERSION = YES;
				CLANG_WARN_INFINITE_RECURSION = YES;
				CLANG_WARN_INT_CONVERSION = YES;
				CLANG_WARN_NON_LITERAL_NULL_CONVERSION = YES;
				CLANG_WARN_OBJC_IMPLICIT_RETAIN_SELF = YES;
				CLANG_WARN_OBJC_LITERAL_CONVERSION = YES;
				CLANG_WARN_OBJC_ROOT_CLASS = YES_ERROR;
				CLANG_WARN_RANGE_LOOP_ANALYSIS = YES;
				CLANG_WARN_STRICT_PROTOTYPES = YES;
				CLANG_WARN_SUSPICIOUS_MOVE = YES;
				CLANG_WARN_UNGUARDED_AVAILABILITY = YES_AGGRESSIVE;
				CLANG_WARN_UNREACHABLE_CODE = YES;
				CLANG_WARN__DUPLICATE_METHOD_MATCH = YES;
				COPY_PHASE_STRIP = NO;
				DEBUG_INFORMATION_FORMAT = dwarf;
				ENABLE_STRICT_OBJC_MSGSEND = YES;
				ENABLE_TESTABILITY = YES;
				GCC_C_LANGUAGE_STANDARD = gnu11;
				GCC_DYNAMIC_NO_PIC = NO;
				GCC_NO_COMMON_BLOCKS = YES;
				GCC_OPTIMIZATION_LEVEL = 0;
				GCC_PREPROCESSOR_DEFINITIONS = (
					"DEBUG=1",
					"$(inherited)",
				);
				GCC_WARN_64_TO_32_BIT_CONVERSION = YES;
				GCC_WARN_ABOUT_RETURN_TYPE = YES_ERROR;
				GCC_WARN_UNDECLARED_SELECTOR = YES;
				GCC_WARN_UNINITIALIZED_AUTOS = YES_AGGRESSIVE;
				GCC_WARN_UNUSED_FUNCTION = YES;
				GCC_WARN_UNUSED_VARIABLE = YES;
				IPHONEOS_DEPLOYMENT_TARGET = 13.2;
				MTL_ENABLE_DEBUG_INFO = INCLUDE_SOURCE;
				MTL_FAST_MATH = YES;
				ONLY_ACTIVE_ARCH = YES;
				SDKROOT = iphoneos;
				SWIFT_ACTIVE_COMPILATION_CONDITIONS = DEBUG;
				SWIFT_OPTIMIZATION_LEVEL = "-Onone";
			};
			name = Debug;
		};
		BFFBC82323FD1D97003AD2EA /* Release */ = {
			isa = XCBuildConfiguration;
			buildSettings = {
				ALWAYS_SEARCH_USER_PATHS = NO;
				CLANG_ANALYZER_NONNULL = YES;
				CLANG_ANALYZER_NUMBER_OBJECT_CONVERSION = YES_AGGRESSIVE;
				CLANG_CXX_LANGUAGE_STANDARD = "gnu++14";
				CLANG_CXX_LIBRARY = "libc++";
				CLANG_ENABLE_MODULES = YES;
				CLANG_ENABLE_OBJC_ARC = YES;
				CLANG_ENABLE_OBJC_WEAK = YES;
				CLANG_WARN_BLOCK_CAPTURE_AUTORELEASING = YES;
				CLANG_WARN_BOOL_CONVERSION = YES;
				CLANG_WARN_COMMA = YES;
				CLANG_WARN_CONSTANT_CONVERSION = YES;
				CLANG_WARN_DEPRECATED_OBJC_IMPLEMENTATIONS = YES;
				CLANG_WARN_DIRECT_OBJC_ISA_USAGE = YES_ERROR;
				CLANG_WARN_DOCUMENTATION_COMMENTS = YES;
				CLANG_WARN_EMPTY_BODY = YES;
				CLANG_WARN_ENUM_CONVERSION = YES;
				CLANG_WARN_INFINITE_RECURSION = YES;
				CLANG_WARN_INT_CONVERSION = YES;
				CLANG_WARN_NON_LITERAL_NULL_CONVERSION = YES;
				CLANG_WARN_OBJC_IMPLICIT_RETAIN_SELF = YES;
				CLANG_WARN_OBJC_LITERAL_CONVERSION = YES;
				CLANG_WARN_OBJC_ROOT_CLASS = YES_ERROR;
				CLANG_WARN_RANGE_LOOP_ANALYSIS = YES;
				CLANG_WARN_STRICT_PROTOTYPES = YES;
				CLANG_WARN_SUSPICIOUS_MOVE = YES;
				CLANG_WARN_UNGUARDED_AVAILABILITY = YES_AGGRESSIVE;
				CLANG_WARN_UNREACHABLE_CODE = YES;
				CLANG_WARN__DUPLICATE_METHOD_MATCH = YES;
				COPY_PHASE_STRIP = NO;
				DEBUG_INFORMATION_FORMAT = "dwarf-with-dsym";
				ENABLE_NS_ASSERTIONS = NO;
				ENABLE_STRICT_OBJC_MSGSEND = YES;
				GCC_C_LANGUAGE_STANDARD = gnu11;
				GCC_NO_COMMON_BLOCKS = YES;
				GCC_WARN_64_TO_32_BIT_CONVERSION = YES;
				GCC_WARN_ABOUT_RETURN_TYPE = YES_ERROR;
				GCC_WARN_UNDECLARED_SELECTOR = YES;
				GCC_WARN_UNINITIALIZED_AUTOS = YES_AGGRESSIVE;
				GCC_WARN_UNUSED_FUNCTION = YES;
				GCC_WARN_UNUSED_VARIABLE = YES;
				IPHONEOS_DEPLOYMENT_TARGET = 13.2;
				MTL_ENABLE_DEBUG_INFO = NO;
				MTL_FAST_MATH = YES;
				SDKROOT = iphoneos;
				SWIFT_COMPILATION_MODE = wholemodule;
				SWIFT_OPTIMIZATION_LEVEL = "-O";
				VALIDATE_PRODUCT = YES;
			};
			name = Release;
		};
		BFFBC82523FD1D97003AD2EA /* Debug */ = {
			isa = XCBuildConfiguration;
			baseConfigurationReference = 89CC09CC5CF8ABF3FDBF7374 /* Pods-MVVMdesignPattern.debug.xcconfig */;
			buildSettings = {
				ASSETCATALOG_COMPILER_APPICON_NAME = AppIcon;
				CODE_SIGN_STYLE = Automatic;
				INFOPLIST_FILE = MVVMdesignPattern/Info.plist;
				LD_RUNPATH_SEARCH_PATHS = (
					"$(inherited)",
					"@executable_path/Frameworks",
				);
				PRODUCT_BUNDLE_IDENTIFIER = com.HelloWorld.MVVMdesignPattern;
				PRODUCT_NAME = "$(TARGET_NAME)";
				SWIFT_VERSION = 5.0;
				TARGETED_DEVICE_FAMILY = "1,2";
			};
			name = Debug;
		};
		BFFBC82623FD1D97003AD2EA /* Release */ = {
			isa = XCBuildConfiguration;
			baseConfigurationReference = B85DC1A8A4EC3202D646E5C7 /* Pods-MVVMdesignPattern.release.xcconfig */;
			buildSettings = {
				ASSETCATALOG_COMPILER_APPICON_NAME = AppIcon;
				CODE_SIGN_STYLE = Automatic;
				INFOPLIST_FILE = MVVMdesignPattern/Info.plist;
				LD_RUNPATH_SEARCH_PATHS = (
					"$(inherited)",
					"@executable_path/Frameworks",
				);
				PRODUCT_BUNDLE_IDENTIFIER = com.HelloWorld.MVVMdesignPattern;
				PRODUCT_NAME = "$(TARGET_NAME)";
				SWIFT_VERSION = 5.0;
				TARGETED_DEVICE_FAMILY = "1,2";
			};
			name = Release;
		};
		BFFBC82823FD1D97003AD2EA /* Debug */ = {
			isa = XCBuildConfiguration;
			baseConfigurationReference = CED0055A4F30C57A4AB3ADBA /* Pods-MVVMdesignPatternTests.debug.xcconfig */;
			buildSettings = {
				ALWAYS_EMBED_SWIFT_STANDARD_LIBRARIES = YES;
				BUNDLE_LOADER = "$(TEST_HOST)";
				CODE_SIGN_STYLE = Automatic;
				INFOPLIST_FILE = MVVMdesignPatternTests/Info.plist;
				IPHONEOS_DEPLOYMENT_TARGET = 13.2;
				LD_RUNPATH_SEARCH_PATHS = (
					"$(inherited)",
					"@executable_path/Frameworks",
					"@loader_path/Frameworks",
				);
				PRODUCT_BUNDLE_IDENTIFIER = com.HelloWorld.MVVMdesignPatternTests;
				PRODUCT_NAME = "$(TARGET_NAME)";
				SWIFT_VERSION = 5.0;
				TARGETED_DEVICE_FAMILY = "1,2";
				TEST_HOST = "$(BUILT_PRODUCTS_DIR)/MVVMdesignPattern.app/MVVMdesignPattern";
			};
			name = Debug;
		};
		BFFBC82923FD1D97003AD2EA /* Release */ = {
			isa = XCBuildConfiguration;
			baseConfigurationReference = 986117B3A0314D8C352AD98B /* Pods-MVVMdesignPatternTests.release.xcconfig */;
			buildSettings = {
				ALWAYS_EMBED_SWIFT_STANDARD_LIBRARIES = YES;
				BUNDLE_LOADER = "$(TEST_HOST)";
				CODE_SIGN_STYLE = Automatic;
				INFOPLIST_FILE = MVVMdesignPatternTests/Info.plist;
				IPHONEOS_DEPLOYMENT_TARGET = 13.2;
				LD_RUNPATH_SEARCH_PATHS = (
					"$(inherited)",
					"@executable_path/Frameworks",
					"@loader_path/Frameworks",
				);
				PRODUCT_BUNDLE_IDENTIFIER = com.HelloWorld.MVVMdesignPatternTests;
				PRODUCT_NAME = "$(TARGET_NAME)";
				SWIFT_VERSION = 5.0;
				TARGETED_DEVICE_FAMILY = "1,2";
				TEST_HOST = "$(BUILT_PRODUCTS_DIR)/MVVMdesignPattern.app/MVVMdesignPattern";
			};
			name = Release;
		};
		BFFBC82B23FD1D97003AD2EA /* Debug */ = {
			isa = XCBuildConfiguration;
			baseConfigurationReference = 52CB1F8F5C8E8DF4AF67F15E /* Pods-MVVMdesignPattern-MVVMdesignPatternUITests.debug.xcconfig */;
			buildSettings = {
				ALWAYS_EMBED_SWIFT_STANDARD_LIBRARIES = YES;
				CODE_SIGN_STYLE = Automatic;
				INFOPLIST_FILE = MVVMdesignPatternUITests/Info.plist;
				LD_RUNPATH_SEARCH_PATHS = (
					"$(inherited)",
					"@executable_path/Frameworks",
					"@loader_path/Frameworks",
				);
				PRODUCT_BUNDLE_IDENTIFIER = com.HelloWorld.MVVMdesignPatternUITests;
				PRODUCT_NAME = "$(TARGET_NAME)";
				SWIFT_VERSION = 5.0;
				TARGETED_DEVICE_FAMILY = "1,2";
				TEST_TARGET_NAME = MVVMdesignPattern;
			};
			name = Debug;
		};
		BFFBC82C23FD1D97003AD2EA /* Release */ = {
			isa = XCBuildConfiguration;
			baseConfigurationReference = 4E0C6D47D392903C7B72B49E /* Pods-MVVMdesignPattern-MVVMdesignPatternUITests.release.xcconfig */;
			buildSettings = {
				ALWAYS_EMBED_SWIFT_STANDARD_LIBRARIES = YES;
				CODE_SIGN_STYLE = Automatic;
				INFOPLIST_FILE = MVVMdesignPatternUITests/Info.plist;
				LD_RUNPATH_SEARCH_PATHS = (
					"$(inherited)",
					"@executable_path/Frameworks",
					"@loader_path/Frameworks",
				);
				PRODUCT_BUNDLE_IDENTIFIER = com.HelloWorld.MVVMdesignPatternUITests;
				PRODUCT_NAME = "$(TARGET_NAME)";
				SWIFT_VERSION = 5.0;
				TARGETED_DEVICE_FAMILY = "1,2";
				TEST_TARGET_NAME = MVVMdesignPattern;
			};
			name = Release;
		};
/* End XCBuildConfiguration section */

/* Begin XCConfigurationList section */
		BFFBC7F523FD1D94003AD2EA /* Build configuration list for PBXProject "MVVMdesignPattern" */ = {
			isa = XCConfigurationList;
			buildConfigurations = (
				BFFBC82223FD1D97003AD2EA /* Debug */,
				BFFBC82323FD1D97003AD2EA /* Release */,
			);
			defaultConfigurationIsVisible = 0;
			defaultConfigurationName = Release;
		};
		BFFBC82423FD1D97003AD2EA /* Build configuration list for PBXNativeTarget "MVVMdesignPattern" */ = {
			isa = XCConfigurationList;
			buildConfigurations = (
				BFFBC82523FD1D97003AD2EA /* Debug */,
				BFFBC82623FD1D97003AD2EA /* Release */,
			);
			defaultConfigurationIsVisible = 0;
			defaultConfigurationName = Release;
		};
		BFFBC82723FD1D97003AD2EA /* Build configuration list for PBXNativeTarget "MVVMdesignPatternTests" */ = {
			isa = XCConfigurationList;
			buildConfigurations = (
				BFFBC82823FD1D97003AD2EA /* Debug */,
				BFFBC82923FD1D97003AD2EA /* Release */,
			);
			defaultConfigurationIsVisible = 0;
			defaultConfigurationName = Release;
		};
		BFFBC82A23FD1D97003AD2EA /* Build configuration list for PBXNativeTarget "MVVMdesignPatternUITests" */ = {
			isa = XCConfigurationList;
			buildConfigurations = (
				BFFBC82B23FD1D97003AD2EA /* Debug */,
				BFFBC82C23FD1D97003AD2EA /* Release */,
			);
			defaultConfigurationIsVisible = 0;
			defaultConfigurationName = Release;
		};
/* End XCConfigurationList section */
	};
	rootObject = BFFBC7F223FD1D94003AD2EA /* Project object */;
}
